lockfileVersion: '9.0'

settings:
  autoInstallPeers: true
  excludeLinksFromLockfile: false

importers:

  .:
    dependencies:
      ilp-packet:
        specifier: 3.1.4-alpha.2
        version: 3.1.4-alpha.2

packages:

  '@types/long@4.0.2':
    resolution: {integrity: sha512-MqTGEo5bj5t157U6fA/BiDynNkn0YknVdh48CMPkTSpFTVmvao5UQmm7uEF6xBEo7qIMAlY/JSleYaE6VOdpaA==}

  ilp-packet@3.1.4-alpha.2:
    resolution: {integrity: sha512-0a75sI7o/1NG9qgJlObg9M264pnezcPEse1+UQV8gkgQAuKesj5b6qyPw7WbkvjIDXAtIQ61Qg48wRpkaddbQw==}

  long@4.0.0:
    resolution: {integrity: sha512-XsP+KhQif4bjX1kbuSiySJFNAehNxgLb6hPRGJ9QsUr8ajHkuXGdrHmFUTUUXhDwVX2R5bY4JNZEwbUiMhV+MA==}

  oer-utils@5.1.3-alpha.2:
    resolution: {integrity: sha512-BX/8xcb+TXGTRtu97a/ZvcrWSyMd8wt8GSQMD7MvKxPEFqN4lX9w+Pk/Wm4HxwfHQQO9EhTYryR5hosTgWxP+A==}

snapshots:

  '@types/long@4.0.2': {}

  ilp-packet@3.1.4-alpha.2:
    dependencies:
      oer-utils: 5.1.3-alpha.2

  long@4.0.0: {}

  oer-utils@5.1.3-alpha.2:
    dependencies:
      '@types/long': 4.0.2
      long: 4.0.0
